
Microsoft Visual Studio Solution File, Format Version 12.00
# Visual Studio Version 17
VisualStudioVersion = 17.3.32929.385
MinimumVisualStudioVersion = 10.0.40219.1
Project("{FAE04EC0-301F-11D3-BF4B-00C04F79EFBC}") = "WindowsFormsApp4", "WindowsFormsApp4\WindowsFormsApp4.csproj", "{24CA49A1-4253-48D2-9222-BD3EFF5DD32E}"
EndProject
Global
	GlobalSection(SolutionConfigurationPlatforms) = preSolution
		Debug|Any CPU = Debug|Any CPU
		Release|Any CPU = Release|Any CPU
	EndGlobalSection
	GlobalSection(ProjectConfigurationPlatforms) = postSolution
		{24CA49A1-4253-48D2-9222-BD3EFF5DD32E}.Debug|Any CPU.ActiveCfg = Debug|Any CPU
		{24CA49A1-4253-48D2-9222-BD3EFF5DD32E}.Debug|Any CPU.Build.0 = Debug|Any CPU
		{24CA49A1-4253-48D2-9222-BD3EFF5DD32E}.Release|Any CPU.ActiveCfg = Release|Any CPU
		{24CA49A1-4253-48D2-9222-BD3EFF5DD32E}.Release|Any CPU.Build.0 = Release|Any CPU
	EndGlobalSection
	GlobalSection(SolutionProperties) = preSolution
		HideSolutionNode = FALSE
	EndGlobalSection
	GlobalSection(ExtensibilityGlobals) = postSolution
		SolutionGuid = {66456639-2E4B-4861-8840-6EF86D365F19}
	EndGlobalSection
EndGlobal
